
Microsoft Visual Studio Solution File, Format Version 12.00
# Visual Studio Version 17
VisualStudioVersion = 17.10.35013.160
MinimumVisualStudioVersion = 10.0.40219.1
Project("{FAE04EC0-301F-11D3-BF4B-00C04F79EFBC}") = "BirthdayReminder", "BirthdayReminder\BirthdayReminder.csproj", "{D9247D49-FF1E-4DC1-82CB-947F760812C2}"
EndProject
Global
	GlobalSection(SolutionConfigurationPlatforms) = preSolution
		Debug|Any CPU = Debug|Any CPU
		Release|Any CPU = Release|Any CPU
	EndGlobalSection
	GlobalSection(ProjectConfigurationPlatforms) = postSolution
		{D9247D49-FF1E-4DC1-82CB-947F760812C2}.Debug|Any CPU.ActiveCfg = Debug|Any CPU
		{D9247D49-FF1E-4DC1-82CB-947F760812C2}.Debug|Any CPU.Build.0 = Debug|Any CPU
		{D9247D49-FF1E-4DC1-82CB-947F760812C2}.Release|Any CPU.ActiveCfg = Release|Any CPU
		{D9247D49-FF1E-4DC1-82CB-947F760812C2}.Release|Any CPU.Build.0 = Release|Any CPU
	EndGlobalSection
	GlobalSection(SolutionProperties) = preSolution
		HideSolutionNode = FALSE
	EndGlobalSection
	GlobalSection(ExtensibilityGlobals) = postSolution
		SolutionGuid = {B7513EC0-E015-4453-BEA3-084FC4EA8D5B}
	EndGlobalSection
EndGlobal
